
Microsoft Visual Studio Solution File, Format Version 12.00
# Visual Studio Version 16
VisualStudioVersion = 16.0.31205.134
MinimumVisualStudioVersion = 10.0.40219.1
Project("{FAE04EC0-301F-11D3-BF4B-00C04F79EFBC}") = "Blazor-Basic-Crud", "Blazor-Basic-Crud\Blazor-Basic-Crud.csproj", "{B4C27478-DD25-4231-B0C2-5F7E30F868E1}"
EndProject
Global
	GlobalSection(SolutionConfigurationPlatforms) = preSolution
		Debug|Any CPU = Debug|Any CPU
		Release|Any CPU = Release|Any CPU
	EndGlobalSection
	GlobalSection(ProjectConfigurationPlatforms) = postSolution
		{B4C27478-DD25-4231-B0C2-5F7E30F868E1}.Debug|Any CPU.ActiveCfg = Debug|Any CPU
		{B4C27478-DD25-4231-B0C2-5F7E30F868E1}.Debug|Any CPU.Build.0 = Debug|Any CPU
		{B4C27478-DD25-4231-B0C2-5F7E30F868E1}.Release|Any CPU.ActiveCfg = Release|Any CPU
		{B4C27478-DD25-4231-B0C2-5F7E30F868E1}.Release|Any CPU.Build.0 = Release|Any CPU
	EndGlobalSection
	GlobalSection(SolutionProperties) = preSolution
		HideSolutionNode = FALSE
	EndGlobalSection
	GlobalSection(ExtensibilityGlobals) = postSolution
		SolutionGuid = {E1D5478B-FBCB-4278-A0E7-7A8A9B112052}
	EndGlobalSection
EndGlobal
